
Microsoft Visual Studio Solution File, Format Version 12.00
# Visual Studio Version 17
VisualStudioVersion = 17.8.34330.188
MinimumVisualStudioVersion = 10.0.40219.1
Project("{9A19103F-16F7-4668-BE54-9A1E7A4F7556}") = "AdressBookConsole", "AdressBookConsole\AdressBookConsole.csproj", "{6EB76B08-0B16-4A45-A8CB-4509FC7A3F5F}"
EndProject
Project("{FAE04EC0-301F-11D3-BF4B-00C04F79EFBC}") = "AdressBookConsole.Tests", "AdressBookConsole.Tests\AdressBookConsole.Tests.csproj", "{2BB765E4-7D05-4F79-9D0A-5D75ABD0992D}"
EndProject
Global
	GlobalSection(SolutionConfigurationPlatforms) = preSolution
		Debug|Any CPU = Debug|Any CPU
		Release|Any CPU = Release|Any CPU
	EndGlobalSection
	GlobalSection(ProjectConfigurationPlatforms) = postSolution
		{6EB76B08-0B16-4A45-A8CB-4509FC7A3F5F}.Debug|Any CPU.ActiveCfg = Debug|Any CPU
		{6EB76B08-0B16-4A45-A8CB-4509FC7A3F5F}.Debug|Any CPU.Build.0 = Debug|Any CPU
		{6EB76B08-0B16-4A45-A8CB-4509FC7A3F5F}.Release|Any CPU.ActiveCfg = Release|Any CPU
		{6EB76B08-0B16-4A45-A8CB-4509FC7A3F5F}.Release|Any CPU.Build.0 = Release|Any CPU
		{2BB765E4-7D05-4F79-9D0A-5D75ABD0992D}.Debug|Any CPU.ActiveCfg = Debug|Any CPU
		{2BB765E4-7D05-4F79-9D0A-5D75ABD0992D}.Debug|Any CPU.Build.0 = Debug|Any CPU
		{2BB765E4-7D05-4F79-9D0A-5D75ABD0992D}.Release|Any CPU.ActiveCfg = Release|Any CPU
		{2BB765E4-7D05-4F79-9D0A-5D75ABD0992D}.Release|Any CPU.Build.0 = Release|Any CPU
	EndGlobalSection
	GlobalSection(SolutionProperties) = preSolution
		HideSolutionNode = FALSE
	EndGlobalSection
	GlobalSection(ExtensibilityGlobals) = postSolution
		SolutionGuid = {97482000-5063-494B-823E-DD6036CF55FD}
	EndGlobalSection
EndGlobal
